<?xml version="1.0" encoding="utf-8"?>
<Project ToolsVersion="4.0" xmlns="http://schemas.microsoft.com/developer/msbuild/2003">
  <ItemGroup>
    <Filter Include="Main Resources">
      <UniqueIdentifier>{4FC737F1-C7A5-4376-A066-2A32D752A2FF}</UniqueIdentifier>
      <Extensions>cpp;c;cxx;def;odl;idl;hpj;bat;asm;asmx</Extensions>
    </Filter>
    <Filter Include="Scripts">
      <UniqueIdentifier>{93995380-89BD-4b04-88EB-625FBE52EBFB}</UniqueIdentifier>
      <Extensions>h;hpp;hxx;hm;inl;inc;xsd</Extensions>
    </Filter>
  </ItemGroup>
  <ItemGroup>
    <ClCompile Include="..\src\FunScripts\Setup.cpp">
      <Filter>Main Resources</Filter>
    </ClCompile>
    <ClCompile Include="..\src\FunScripts\L80etc.cpp">
      <Filter>Scripts</Filter>
    </ClCompile>
    <ClCompile Include="..\src\FunScripts\MountStone.cpp">
      <Filter>Scripts</Filter>
    </ClCompile>
    <ClCompile Include="..\src\FunScripts\NPCInfoServeur.cpp">
      <Filter>Scripts</Filter>
    </ClCompile>
    <ClCompile Include="..\src\FunScripts\NPCTeleporteur.cpp">
      <Filter>Scripts</Filter>
    </ClCompile>
    <ClCompile Include="..\src\FunScripts\PNJ_Assistance.cpp">
      <Filter>Scripts</Filter>
    </ClCompile>
    <ClCompile Include="..\src\FunScripts\PNJ_DJ.cpp">
      <Filter>Scripts</Filter>
    </ClCompile>
    <ClCompile Include="..\src\FunScripts\Portals.cpp">
      <Filter>Scripts</Filter>
    </ClCompile>
    <ClCompile Include="..\src\FunScripts\PvPToken.cpp">
      <Filter>Scripts</Filter>
    </ClCompile>
    <ClCompile Include="..\src\FunScripts\The_poule.cpp">
      <Filter>Scripts</Filter>
    </ClCompile>
  </ItemGroup>
  <ItemGroup>
    <ClInclude Include="..\src\FunScripts\Setup.h">
      <Filter>Main Resources</Filter>
    </ClInclude>
  </ItemGroup>
</Project>