Microsoft Visual Studio Solution File, Format Version 11.00
# Visual C++ Express 2010
Project("{8BC9CEB8-8B4A-11D0-8D11-00A0C91BC942}") = "AlteracValley", "projects\AlteracValley2010.vcxproj", "{9FB9E3DC-C586-46F4-91A4-19178F94F12F}"
EndProject
Project("{8BC9CEB8-8B4A-11D0-8D11-00A0C91BC942}") = "FunScripts", "projects\FunScripts2010.vcxproj", "{1C69696E-7952-4D78-A3F7-49410B29AF6B}"
EndProject
Project("{8BC9CEB8-8B4A-11D0-8D11-00A0C91BC942}") = "GossipScripts", "projects\GossipScripts2010.vcxproj", "{629AA36D-8980-4D37-8ED2-F85D2F9F7CEA}"
EndProject
Project("{8BC9CEB8-8B4A-11D0-8D11-00A0C91BC942}") = "InstanceScripts", "projects\InstanceScripts2010.vcxproj", "{1656570A-AE99-41DA-AED0-C3209D9DF6CC}"
EndProject
Project("{8BC9CEB8-8B4A-11D0-8D11-00A0C91BC942}") = "LUAScripting", "projects\LUAScripting2010.vcxproj", "{A579E913-42A8-4A12-B572-65240CB14ECE}"
	ProjectSection(ProjectDependencies) = postProject
		{824D71E3-4B05-404E-A818-6512722E5973} = {824D71E3-4B05-404E-A818-6512722E5973}
	EndProjectSection
EndProject
Project("{8BC9CEB8-8B4A-11D0-8D11-00A0C91BC942}") = "MiscScripts", "projects\Misc2010.vcxproj", "{415302FE-8E37-40BB-B785-61A521625D55}"
EndProject
Project("{8BC9CEB8-8B4A-11D0-8D11-00A0C91BC942}") = "QuestScripts", "projects\Quest2010.vcxproj", "{D1791569-423D-467C-A879-1B1B13133F72}"
EndProject
Project("{8BC9CEB8-8B4A-11D0-8D11-00A0C91BC942}") = "ServerStatusPlugin", "projects\ServerStatusPlugin2010.vcxproj", "{78F4AD18-EB2B-4158-B4F4-E6D64DBA05DC}"
EndProject
Project("{8BC9CEB8-8B4A-11D0-8D11-00A0C91BC942}") = "SpellHandlers", "projects\SpellsHandlers2010.vcxproj", "{A25C956C-7190-494F-B9E4-7DF86C6A5BE7}"
EndProject
Project("{8BC9CEB8-8B4A-11D0-8D11-00A0C91BC942}") = "Lua", "projects\Lua.vcxproj", "{824D71E3-4B05-404E-A818-6512722E5973}"
EndProject
Project("{8BC9CEB8-8B4A-11D0-8D11-00A0C91BC942}") = "TournamentScripts", "projects\TournamentScripts2010.vcxproj", "{0457FC2F-C237-401C-A587-2F9C71C57ABA}"
EndProject
Global
	GlobalSection(SolutionConfigurationPlatforms) = preSolution
		Debug_NoPCH|Win32 = Debug_NoPCH|Win32
		Debug|Win32 = Debug|Win32
		Release|Win32 = Release|Win32
	EndGlobalSection
	GlobalSection(ProjectConfigurationPlatforms) = postSolution
		{9FB9E3DC-C586-46F4-91A4-19178F94F12F}.Debug_NoPCH|Win32.ActiveCfg = Debug|Win32
		{9FB9E3DC-C586-46F4-91A4-19178F94F12F}.Debug_NoPCH|Win32.Build.0 = Debug|Win32
		{9FB9E3DC-C586-46F4-91A4-19178F94F12F}.Debug|Win32.ActiveCfg = Debug|Win32
		{9FB9E3DC-C586-46F4-91A4-19178F94F12F}.Debug|Win32.Build.0 = Debug|Win32
		{9FB9E3DC-C586-46F4-91A4-19178F94F12F}.Release|Win32.ActiveCfg = Release|Win32
		{9FB9E3DC-C586-46F4-91A4-19178F94F12F}.Release|Win32.Build.0 = Release|Win32
		{1C69696E-7952-4D78-A3F7-49410B29AF6B}.Debug_NoPCH|Win32.ActiveCfg = Debug|Win32
		{1C69696E-7952-4D78-A3F7-49410B29AF6B}.Debug_NoPCH|Win32.Build.0 = Debug|Win32
		{1C69696E-7952-4D78-A3F7-49410B29AF6B}.Debug|Win32.ActiveCfg = Debug|Win32
		{1C69696E-7952-4D78-A3F7-49410B29AF6B}.Debug|Win32.Build.0 = Debug|Win32
		{1C69696E-7952-4D78-A3F7-49410B29AF6B}.Release|Win32.ActiveCfg = Release|Win32
		{1C69696E-7952-4D78-A3F7-49410B29AF6B}.Release|Win32.Build.0 = Release|Win32
		{629AA36D-8980-4D37-8ED2-F85D2F9F7CEA}.Debug_NoPCH|Win32.ActiveCfg = Debug|Win32
		{629AA36D-8980-4D37-8ED2-F85D2F9F7CEA}.Debug_NoPCH|Win32.Build.0 = Debug|Win32
		{629AA36D-8980-4D37-8ED2-F85D2F9F7CEA}.Debug|Win32.ActiveCfg = Debug|Win32
		{629AA36D-8980-4D37-8ED2-F85D2F9F7CEA}.Debug|Win32.Build.0 = Debug|Win32
		{629AA36D-8980-4D37-8ED2-F85D2F9F7CEA}.Release|Win32.ActiveCfg = Release|Win32
		{629AA36D-8980-4D37-8ED2-F85D2F9F7CEA}.Release|Win32.Build.0 = Release|Win32
		{1656570A-AE99-41DA-AED0-C3209D9DF6CC}.Debug_NoPCH|Win32.ActiveCfg = Debug|Win32
		{1656570A-AE99-41DA-AED0-C3209D9DF6CC}.Debug_NoPCH|Win32.Build.0 = Debug|Win32
		{1656570A-AE99-41DA-AED0-C3209D9DF6CC}.Debug|Win32.ActiveCfg = Debug|Win32
		{1656570A-AE99-41DA-AED0-C3209D9DF6CC}.Debug|Win32.Build.0 = Debug|Win32
		{1656570A-AE99-41DA-AED0-C3209D9DF6CC}.Release|Win32.ActiveCfg = Release|Win32
		{1656570A-AE99-41DA-AED0-C3209D9DF6CC}.Release|Win32.Build.0 = Release|Win32
		{A579E913-42A8-4A12-B572-65240CB14ECE}.Debug_NoPCH|Win32.ActiveCfg = Debug|Win32
		{A579E913-42A8-4A12-B572-65240CB14ECE}.Debug_NoPCH|Win32.Build.0 = Debug|Win32
		{A579E913-42A8-4A12-B572-65240CB14ECE}.Debug|Win32.ActiveCfg = Debug|Win32
		{A579E913-42A8-4A12-B572-65240CB14ECE}.Debug|Win32.Build.0 = Debug|Win32
		{A579E913-42A8-4A12-B572-65240CB14ECE}.Release|Win32.ActiveCfg = Release|Win32
		{A579E913-42A8-4A12-B572-65240CB14ECE}.Release|Win32.Build.0 = Release|Win32
		{415302FE-8E37-40BB-B785-61A521625D55}.Debug_NoPCH|Win32.ActiveCfg = Debug|Win32
		{415302FE-8E37-40BB-B785-61A521625D55}.Debug_NoPCH|Win32.Build.0 = Debug|Win32
		{415302FE-8E37-40BB-B785-61A521625D55}.Debug|Win32.ActiveCfg = Debug|Win32
		{415302FE-8E37-40BB-B785-61A521625D55}.Debug|Win32.Build.0 = Debug|Win32
		{415302FE-8E37-40BB-B785-61A521625D55}.Release|Win32.ActiveCfg = Release|Win32
		{415302FE-8E37-40BB-B785-61A521625D55}.Release|Win32.Build.0 = Release|Win32
		{D1791569-423D-467C-A879-1B1B13133F72}.Debug_NoPCH|Win32.ActiveCfg = Debug|Win32
		{D1791569-423D-467C-A879-1B1B13133F72}.Debug_NoPCH|Win32.Build.0 = Debug|Win32
		{D1791569-423D-467C-A879-1B1B13133F72}.Debug|Win32.ActiveCfg = Debug|Win32
		{D1791569-423D-467C-A879-1B1B13133F72}.Debug|Win32.Build.0 = Debug|Win32
		{D1791569-423D-467C-A879-1B1B13133F72}.Release|Win32.ActiveCfg = Release|Win32
		{D1791569-423D-467C-A879-1B1B13133F72}.Release|Win32.Build.0 = Release|Win32
		{78F4AD18-EB2B-4158-B4F4-E6D64DBA05DC}.Debug_NoPCH|Win32.ActiveCfg = Debug|Win32
		{78F4AD18-EB2B-4158-B4F4-E6D64DBA05DC}.Debug_NoPCH|Win32.Build.0 = Debug|Win32
		{78F4AD18-EB2B-4158-B4F4-E6D64DBA05DC}.Debug|Win32.ActiveCfg = Debug|Win32
		{78F4AD18-EB2B-4158-B4F4-E6D64DBA05DC}.Debug|Win32.Build.0 = Debug|Win32
		{78F4AD18-EB2B-4158-B4F4-E6D64DBA05DC}.Release|Win32.ActiveCfg = Release|Win32
		{78F4AD18-EB2B-4158-B4F4-E6D64DBA05DC}.Release|Win32.Build.0 = Release|Win32
		{A25C956C-7190-494F-B9E4-7DF86C6A5BE7}.Debug_NoPCH|Win32.ActiveCfg = Debug|Win32
		{A25C956C-7190-494F-B9E4-7DF86C6A5BE7}.Debug_NoPCH|Win32.Build.0 = Debug|Win32
		{A25C956C-7190-494F-B9E4-7DF86C6A5BE7}.Debug|Win32.ActiveCfg = Debug|Win32
		{A25C956C-7190-494F-B9E4-7DF86C6A5BE7}.Debug|Win32.Build.0 = Debug|Win32
		{A25C956C-7190-494F-B9E4-7DF86C6A5BE7}.Release|Win32.ActiveCfg = Release|Win32
		{A25C956C-7190-494F-B9E4-7DF86C6A5BE7}.Release|Win32.Build.0 = Release|Win32
		{824D71E3-4B05-404E-A818-6512722E5973}.Debug_NoPCH|Win32.ActiveCfg = Debug|Win32
		{824D71E3-4B05-404E-A818-6512722E5973}.Debug_NoPCH|Win32.Build.0 = Debug|Win32
		{824D71E3-4B05-404E-A818-6512722E5973}.Debug|Win32.ActiveCfg = Debug|Win32
		{824D71E3-4B05-404E-A818-6512722E5973}.Debug|Win32.Build.0 = Debug|Win32
		{824D71E3-4B05-404E-A818-6512722E5973}.Release|Win32.ActiveCfg = Release|Win32
		{824D71E3-4B05-404E-A818-6512722E5973}.Release|Win32.Build.0 = Release|Win32
		{0457FC2F-C237-401C-A587-2F9C71C57ABA}.Debug_NoPCH|Win32.ActiveCfg = Debug|Win32
		{0457FC2F-C237-401C-A587-2F9C71C57ABA}.Debug_NoPCH|Win32.Build.0 = Debug|Win32
		{0457FC2F-C237-401C-A587-2F9C71C57ABA}.Debug|Win32.ActiveCfg = Debug|Win32
		{0457FC2F-C237-401C-A587-2F9C71C57ABA}.Debug|Win32.Build.0 = Debug|Win32
		{0457FC2F-C237-401C-A587-2F9C71C57ABA}.Release|Win32.ActiveCfg = Release|Win32
		{0457FC2F-C237-401C-A587-2F9C71C57ABA}.Release|Win32.Build.0 = Release|Win32
	EndGlobalSection
	GlobalSection(SolutionProperties) = preSolution
		HideSolutionNode = FALSE
	EndGlobalSection
EndGlobal
