<?xml version="1.0" encoding="utf-8"?>
<Project ToolsVersion="4.0" xmlns="http://schemas.microsoft.com/developer/msbuild/2003">
  <ItemGroup>
    <Filter Include="Header Files">
      <UniqueIdentifier>{1fd8ff6c-4f21-4985-be06-a9082b53b059}</UniqueIdentifier>
    </Filter>
    <Filter Include="Source Files">
      <UniqueIdentifier>{46c5f23b-da25-4b0d-8e5e-c787c3462b5c}</UniqueIdentifier>
    </Filter>
  </ItemGroup>
  <ItemGroup>
    <ClCompile Include="..\..\extras\dep\src\g3dlite\AABox.cpp" />
    <ClCompile Include="..\..\extras\dep\src\g3dlite\Box.cpp" />
    <ClCompile Include="..\..\extras\dep\src\g3dlite\Crypto.cpp" />
    <ClCompile Include="..\..\extras\dep\src\g3dlite\format.cpp" />
    <ClCompile Include="..\..\extras\dep\src\g3dlite\Matrix3.cpp" />
    <ClCompile Include="..\..\extras\dep\src\g3dlite\Plane.cpp" />
    <ClCompile Include="..\..\extras\dep\src\g3dlite\RegistryUtil.cpp" />
    <ClCompile Include="..\..\extras\dep\src\g3dlite\System.cpp" />
    <ClCompile Include="..\..\extras\dep\src\g3dlite\Triangle.cpp" />
    <ClCompile Include="..\..\extras\dep\src\g3dlite\Vector3.cpp" />
    <ClCompile Include="..\..\extras\dep\src\g3dlite\Vector4.cpp" />
    <ClCompile Include="..\..\extras\dep\src\g3dlite\debugAssert.cpp" />
    <ClCompile Include="..\..\extras\dep\src\g3dlite\fileutils.cpp" />
    <ClCompile Include="..\..\extras\dep\src\g3dlite\g3dmath.cpp" />
    <ClCompile Include="..\..\extras\dep\src\g3dlite\g3dfnmatch.cpp" />
    <ClCompile Include="..\..\extras\dep\src\g3dlite\prompt.cpp" />
    <ClCompile Include="..\..\extras\dep\src\g3dlite\stringutils.cpp" />
    <ClCompile Include="..\..\extras\dep\src\g3dlite\Any.cpp" />
    <ClCompile Include="..\..\extras\dep\src\g3dlite\BinaryFormat.cpp" />
    <ClCompile Include="..\..\extras\dep\src\g3dlite\BinaryInput.cpp" />
    <ClCompile Include="..\..\extras\dep\src\g3dlite\BinaryOutput.cpp" />
    <ClCompile Include="..\..\extras\dep\src\g3dlite\Capsule.cpp" />
    <ClCompile Include="..\..\extras\dep\src\g3dlite\CollisionDetection.cpp" />
    <ClCompile Include="..\..\extras\dep\src\g3dlite\CoordinateFrame.cpp" />
    <ClCompile Include="..\..\extras\dep\src\g3dlite\Cylinder.cpp" />
    <ClCompile Include="..\..\extras\dep\src\g3dlite\Line.cpp" />
    <ClCompile Include="..\..\extras\dep\src\g3dlite\LineSegment.cpp" />
    <ClCompile Include="..\..\extras\dep\src\g3dlite\Log.cpp" />
    <ClCompile Include="..\..\extras\dep\src\g3dlite\Matrix4.cpp" />
    <ClCompile Include="..\..\extras\dep\src\g3dlite\MemoryManager.cpp" />
    <ClCompile Include="..\..\extras\dep\src\g3dlite\Quat.cpp" />
    <ClCompile Include="..\..\extras\dep\src\g3dlite\Random.cpp" />
    <ClCompile Include="..\..\extras\dep\src\g3dlite\Ray.cpp" />
    <ClCompile Include="..\..\extras\dep\src\g3dlite\ReferenceCount.cpp" />
    <ClCompile Include="..\..\extras\dep\src\g3dlite\Sphere.cpp" />
    <ClCompile Include="..\..\extras\dep\src\g3dlite\TextInput.cpp" />
    <ClCompile Include="..\..\extras\dep\src\g3dlite\TextOutput.cpp" />
    <ClCompile Include="..\..\extras\dep\src\g3dlite\UprightFrame.cpp" />
    <ClCompile Include="..\..\extras\dep\src\g3dlite\Vector2.cpp" />
    <ClCompile Include="..\..\extras\dep\src\g3dlite\Matrix.cpp" />
  </ItemGroup>
</Project>