Microsoft Visual Studio Solution File, Format Version 12.00
# Visual Studio 2012
Project("{8BC9CEB8-8B4A-11D0-8D11-00A0C91BC942}") = "AscentWaad-logonserver", "VC100\ascent-logonserver.vcxproj", "{6E15F06D-5546-474D-BB42-39848DEF77E0}"
EndProject
Project("{8BC9CEB8-8B4A-11D0-8D11-00A0C91BC942}") = "AscentWaad-shared", "VC110\ascent-shared.vcxproj", "{90297C34-F231-4DF4-848E-A74BCC0E40ED}"
EndProject
Project("{8BC9CEB8-8B4A-11D0-8D11-00A0C91BC942}") = "AscentWaad-shared", "VC100\ascent-shared.vcxproj", "{90297C34-F231-4DF4-848E-A74BCC0E40ED}"
EndProject
Project("{8BC9CEB8-8B4A-11D0-8D11-00A0C91BC942}") = "AscentWaad-voicechat", "VC100\ascent-voicechat.vcxproj", "{C36E06CE-9CBF-4B13-AA03-DA3F886F6B59}"
	ProjectSection(ProjectDependencies) = postProject
		{90297C34-F231-4DF4-848E-A74BCC0E40ED} = {90297C34-F231-4DF4-848E-A74BCC0E40ED}
	EndProjectSection
EndProject
Project("{8BC9CEB8-8B4A-11D0-8D11-00A0C91BC942}") = "AscentWaad-world", "VC100\ascent-world.vcxproj", "{622DAAB0-B843-4B19-AEFC-693456DF95D8}"
EndProject
Project("{8BC9CEB8-8B4A-11D0-8D11-00A0C91BC942}") = "pcre", "..\ascent-windows-libraries\Sources\VC100-pcre.vcxproj", "{330F0065-B4E3-4630-B136-28815C335449}"
	ProjectSection(ProjectDependencies) = postProject
		{0404809C-4840-43DE-A3D3-D7A8296829B8} = {0404809C-4840-43DE-A3D3-D7A8296829B8}
	EndProjectSection
EndProject
Project("{8BC9CEB8-8B4A-11D0-8D11-00A0C91BC942}") = "zlib", "..\ascent-windows-libraries\Sources\VC100-zlib.vcxproj", "{0404809C-4840-43DE-A3D3-D7A8296829B8}"
EndProject
Global
	GlobalSection(SolutionConfigurationPlatforms) = preSolution
		Debug_NoPCH|Win32 = Debug_NoPCH|Win32
		Debug|Win32 = Debug|Win32
		Release|Win32 = Release|Win32
	EndGlobalSection
	GlobalSection(ProjectConfigurationPlatforms) = postSolution
		{6E15F06D-5546-474D-BB42-39848DEF77E0}.Debug_NoPCH|Win32.ActiveCfg = Debug|Win32
		{6E15F06D-5546-474D-BB42-39848DEF77E0}.Debug_NoPCH|Win32.Build.0 = Debug|Win32
		{6E15F06D-5546-474D-BB42-39848DEF77E0}.Debug|Win32.ActiveCfg = Debug|Win32
		{6E15F06D-5546-474D-BB42-39848DEF77E0}.Debug|Win32.Build.0 = Debug|Win32
		{6E15F06D-5546-474D-BB42-39848DEF77E0}.Release|Win32.ActiveCfg = Release|Win32
		{6E15F06D-5546-474D-BB42-39848DEF77E0}.Release|Win32.Build.0 = Release|Win32
		{90297C34-F231-4DF4-848E-A74BCC0E40ED}.Debug_NoPCH|Win32.ActiveCfg = Debug|Win32
		{90297C34-F231-4DF4-848E-A74BCC0E40ED}.Debug_NoPCH|Win32.Build.0 = Debug|Win32
		{90297C34-F231-4DF4-848E-A74BCC0E40ED}.Debug|Win32.ActiveCfg = Debug|Win32
		{90297C34-F231-4DF4-848E-A74BCC0E40ED}.Debug|Win32.Build.0 = Debug|Win32
		{90297C34-F231-4DF4-848E-A74BCC0E40ED}.Release|Win32.ActiveCfg = Release|Win32
		{90297C34-F231-4DF4-848E-A74BCC0E40ED}.Release|Win32.Build.0 = Release|Win32
		{C36E06CE-9CBF-4B13-AA03-DA3F886F6B59}.Debug_NoPCH|Win32.ActiveCfg = Debug|Win32
		{C36E06CE-9CBF-4B13-AA03-DA3F886F6B59}.Debug_NoPCH|Win32.Build.0 = Debug|Win32
		{C36E06CE-9CBF-4B13-AA03-DA3F886F6B59}.Debug|Win32.ActiveCfg = Debug|Win32
		{C36E06CE-9CBF-4B13-AA03-DA3F886F6B59}.Debug|Win32.Build.0 = Debug|Win32
		{C36E06CE-9CBF-4B13-AA03-DA3F886F6B59}.Release|Win32.ActiveCfg = Release|Win32
		{C36E06CE-9CBF-4B13-AA03-DA3F886F6B59}.Release|Win32.Build.0 = Release|Win32
		{622DAAB0-B843-4B19-AEFC-693456DF95D8}.Debug_NoPCH|Win32.ActiveCfg = Debug|Win32
		{622DAAB0-B843-4B19-AEFC-693456DF95D8}.Debug_NoPCH|Win32.Build.0 = Debug|Win32
		{622DAAB0-B843-4B19-AEFC-693456DF95D8}.Debug|Win32.ActiveCfg = Debug|Win32
		{622DAAB0-B843-4B19-AEFC-693456DF95D8}.Debug|Win32.Build.0 = Debug|Win32
		{622DAAB0-B843-4B19-AEFC-693456DF95D8}.Release|Win32.ActiveCfg = Release|Win32
		{622DAAB0-B843-4B19-AEFC-693456DF95D8}.Release|Win32.Build.0 = Release|Win32
		{330F0065-B4E3-4630-B136-28815C335449}.Debug_NoPCH|Win32.ActiveCfg = Debug|Win32
		{330F0065-B4E3-4630-B136-28815C335449}.Debug_NoPCH|Win32.Build.0 = Debug|Win32
		{330F0065-B4E3-4630-B136-28815C335449}.Debug|Win32.ActiveCfg = Debug|Win32
		{330F0065-B4E3-4630-B136-28815C335449}.Debug|Win32.Build.0 = Debug|Win32
		{330F0065-B4E3-4630-B136-28815C335449}.Release|Win32.ActiveCfg = Release|Win32
		{330F0065-B4E3-4630-B136-28815C335449}.Release|Win32.Build.0 = Release|Win32
		{0404809C-4840-43DE-A3D3-D7A8296829B8}.Debug_NoPCH|Win32.ActiveCfg = Debug|Win32
		{0404809C-4840-43DE-A3D3-D7A8296829B8}.Debug_NoPCH|Win32.Build.0 = Debug|Win32
		{0404809C-4840-43DE-A3D3-D7A8296829B8}.Debug|Win32.ActiveCfg = Debug|Win32
		{0404809C-4840-43DE-A3D3-D7A8296829B8}.Debug|Win32.Build.0 = Debug|Win32
		{0404809C-4840-43DE-A3D3-D7A8296829B8}.Release|Win32.ActiveCfg = Release|Win32
		{0404809C-4840-43DE-A3D3-D7A8296829B8}.Release|Win32.Build.0 = Release|Win32
	EndGlobalSection
	GlobalSection(SolutionProperties) = preSolution
		HideSolutionNode = FALSE
	EndGlobalSection
	GlobalSection(DPCodeReviewSolutionGUID) = preSolution
		DPCodeReviewSolutionGUID = {00000000-0000-0000-0000-000000000000}
	EndGlobalSection
EndGlobal
