<?xml version="1.0" encoding="utf-8"?>
<Project ToolsVersion="4.0" xmlns="http://schemas.microsoft.com/developer/msbuild/2003">
  <ItemGroup>
    <Filter Include="Database">
      <UniqueIdentifier>{6eac8e47-702a-4312-bb58-590ad77d3bcc}</UniqueIdentifier>
    </Filter>
    <Filter Include="Database\DataStores">
      <UniqueIdentifier>{b0549fa3-8540-4947-857a-66bb867a31d5}</UniqueIdentifier>
    </Filter>
    <Filter Include="Config">
      <UniqueIdentifier>{b58c599e-34f9-427f-aacd-775512c05525}</UniqueIdentifier>
    </Filter>
    <Filter Include="Auth">
      <UniqueIdentifier>{c220a89d-edb0-4fcd-8311-883ada7801fe}</UniqueIdentifier>
    </Filter>
    <Filter Include="Network">
      <UniqueIdentifier>{a9d7a069-8b44-4e25-aae0-c76e976d9ad2}</UniqueIdentifier>
    </Filter>
    <Filter Include="Threading">
      <UniqueIdentifier>{7f656496-acc6-4b62-b006-3a5e2265180c}</UniqueIdentifier>
    </Filter>
    <Filter Include="Threading\ThreadPool">
      <UniqueIdentifier>{1767351d-bc5e-46ba-b0f8-22559dc06cd0}</UniqueIdentifier>
    </Filter>
    <Filter Include="Util">
      <UniqueIdentifier>{89fe643f-feef-4370-a7aa-3718139ce5ae}</UniqueIdentifier>
    </Filter>
    <Filter Include="Util\Log">
      <UniqueIdentifier>{000a6d6a-66da-4d9c-988a-8d21558fbc97}</UniqueIdentifier>
    </Filter>
    <Filter Include="g3dlite">
      <UniqueIdentifier>{32ef4a33-eeaa-4f3e-9529-d8cc1be326f5}</UniqueIdentifier>
    </Filter>
    <Filter Include="Wdfk">
      <UniqueIdentifier>{5f084774-be8d-4f40-90db-61cf4665da71}</UniqueIdentifier>
    </Filter>
    <Filter Include="Console">
      <UniqueIdentifier>{a729baa8-2c14-4e60-bcca-9058f2ca9ae0}</UniqueIdentifier>
    </Filter>
  </ItemGroup>
  <ItemGroup>
    <ClCompile Include="..\..\src\ascent-shared\Database\CreateInterface.cpp">
      <Filter>Database</Filter>
    </ClCompile>
    <ClCompile Include="..\..\src\ascent-shared\Database\Database.cpp">
      <Filter>Database</Filter>
    </ClCompile>
    <ClCompile Include="..\..\src\ascent-shared\Database\dbcfile.cpp">
      <Filter>Database</Filter>
    </ClCompile>
    <ClCompile Include="..\..\src\ascent-shared\Database\MySQLDatabase.cpp">
      <Filter>Database</Filter>
    </ClCompile>
    <ClCompile Include="..\..\src\ascent-shared\Database\PostgresDatabase.cpp">
      <Filter>Database</Filter>
    </ClCompile>
    <ClCompile Include="..\..\src\ascent-shared\Database\SQLiteDatabase.cpp">
      <Filter>Database</Filter>
    </ClCompile>
    <ClCompile Include="..\..\src\ascent-shared\Database\DBC.cpp">
      <Filter>Database\DataStores</Filter>
    </ClCompile>
    <ClCompile Include="..\..\src\ascent-shared\Database\DBCStores.cpp">
      <Filter>Database\DataStores</Filter>
    </ClCompile>
    <ClCompile Include="..\..\src\ascent-shared\Config\Config.cpp">
      <Filter>Config</Filter>
    </ClCompile>
    <ClCompile Include="..\..\src\ascent-shared\Auth\BigNumber.cpp">
      <Filter>Auth</Filter>
    </ClCompile>
    <ClCompile Include="..\..\src\ascent-shared\crc32.cpp">
      <Filter>Auth</Filter>
    </ClCompile>
    <ClCompile Include="..\..\src\ascent-shared\hashmap.cpp">
      <Filter>Auth</Filter>
    </ClCompile>
    <ClCompile Include="..\..\src\ascent-shared\Auth\MD5.cpp">
      <Filter>Auth</Filter>
    </ClCompile>
    <ClCompile Include="..\..\src\ascent-shared\Auth\Sha1.cpp">
      <Filter>Auth</Filter>
    </ClCompile>
    <ClCompile Include="..\..\src\ascent-shared\Auth\WowCrypt.cpp">
      <Filter>Auth</Filter>
    </ClCompile>
    <ClCompile Include="..\..\src\ascent-shared\Network\CircularBuffer.cpp">
      <Filter>Network</Filter>
    </ClCompile>
    <ClCompile Include="..\..\src\ascent-shared\Network\Socket.cpp">
      <Filter>Network</Filter>
    </ClCompile>
    <ClCompile Include="..\..\src\ascent-shared\Network\SocketMgrWin32.cpp">
      <Filter>Network</Filter>
    </ClCompile>
    <ClCompile Include="..\..\src\ascent-shared\Network\SocketOpsWin32.cpp">
      <Filter>Network</Filter>
    </ClCompile>
    <ClCompile Include="..\..\src\ascent-shared\Network\SocketWin32.cpp">
      <Filter>Network</Filter>
    </ClCompile>
    <ClCompile Include="..\..\src\ascent-shared\CThreads.cpp">
      <Filter>Threading</Filter>
    </ClCompile>
    <ClCompile Include="..\..\src\ascent-shared\Threading\Mutex.cpp">
      <Filter>Threading</Filter>
    </ClCompile>
    <ClCompile Include="..\..\src\ascent-shared\Threading\ThreadPool.cpp">
      <Filter>Threading\ThreadPool</Filter>
    </ClCompile>
    <ClCompile Include="..\..\src\ascent-shared\CallBack.cpp">
      <Filter>Util</Filter>
    </ClCompile>
    <ClCompile Include="..\..\src\ascent-shared\CrashHandler.cpp">
      <Filter>Util</Filter>
    </ClCompile>
    <ClCompile Include="..\..\src\ascent-shared\MemoryLeaks.cpp">
      <Filter>Util</Filter>
    </ClCompile>
    <ClCompile Include="..\..\src\ascent-shared\MersenneTwister.cpp">
      <Filter>Util</Filter>
    </ClCompile>
    <ClCompile Include="..\..\src\ascent-shared\StackWalker.cpp">
      <Filter>Util</Filter>
    </ClCompile>
    <ClCompile Include="..\..\src\ascent-shared\Util.cpp">
      <Filter>Util</Filter>
    </ClCompile>
    <ClCompile Include="..\..\src\ascent-shared\Log.cpp">
      <Filter>Util\Log</Filter>
    </ClCompile>
    <ClCompile Include="..\..\src\ascent-shared\Console\CConsole.cpp">
      <Filter>Console</Filter>
    </ClCompile>
    <ClCompile Include="..\..\src\ascent-shared\Console\ConsoleListener.cpp">
      <Filter>Console</Filter>
    </ClCompile>
    <ClCompile Include="..\..\src\ascent-shared\BufferPool.cpp" />
    <ClCompile Include="..\..\src\ascent-shared\ascent_getopt.cpp">
      <Filter>Util</Filter>
    </ClCompile>
  </ItemGroup>
  <ItemGroup>
    <ClInclude Include="..\..\src\ascent-shared\Database\Database.h">
      <Filter>Database</Filter>
    </ClInclude>
    <ClInclude Include="..\..\src\ascent-shared\Database\DatabaseEnv.h">
      <Filter>Database</Filter>
    </ClInclude>
    <ClInclude Include="..\..\src\ascent-shared\Database\DatabaseNG.h">
      <Filter>Database</Filter>
    </ClInclude>
    <ClInclude Include="..\..\src\ascent-shared\Database\dbcfile.h">
      <Filter>Database</Filter>
    </ClInclude>
    <ClInclude Include="..\..\src\ascent-shared\Database\Field.h">
      <Filter>Database</Filter>
    </ClInclude>
    <ClInclude Include="..\..\src\ascent-shared\Database\MySQLDatabase.h">
      <Filter>Database</Filter>
    </ClInclude>
    <ClInclude Include="..\..\src\ascent-shared\Database\PostgresDatabase.h">
      <Filter>Database</Filter>
    </ClInclude>
    <ClInclude Include="..\..\src\ascent-shared\Database\SQLiteDatabase.h">
      <Filter>Database</Filter>
    </ClInclude>
    <ClInclude Include="..\..\src\ascent-shared\Database\DataStore.h">
      <Filter>Database\DataStores</Filter>
    </ClInclude>
    <ClInclude Include="..\..\src\ascent-shared\Database\DBC.h">
      <Filter>Database\DataStores</Filter>
    </ClInclude>
    <ClInclude Include="..\..\src\ascent-shared\Database\DBCStores.h">
      <Filter>Database\DataStores</Filter>
    </ClInclude>
    <ClInclude Include="..\..\src\ascent-shared\Config\Config.h">
      <Filter>Config</Filter>
    </ClInclude>
    <ClInclude Include="..\..\src\ascent-shared\Config\ConfigEnv.h">
      <Filter>Config</Filter>
    </ClInclude>
    <ClInclude Include="..\..\src\ascent-shared\Auth\BigNumber.h">
      <Filter>Auth</Filter>
    </ClInclude>
    <ClInclude Include="..\..\src\ascent-shared\crc32.h">
      <Filter>Auth</Filter>
    </ClInclude>
    <ClInclude Include="..\..\src\ascent-shared\hashmap.h">
      <Filter>Auth</Filter>
    </ClInclude>
    <ClInclude Include="..\..\src\ascent-shared\Auth\MD5.h">
      <Filter>Auth</Filter>
    </ClInclude>
    <ClInclude Include="..\..\src\ascent-shared\Auth\Sha1.h">
      <Filter>Auth</Filter>
    </ClInclude>
    <ClInclude Include="..\..\src\ascent-shared\Auth\WowCrypt.h">
      <Filter>Auth</Filter>
    </ClInclude>
    <ClInclude Include="..\..\src\ascent-shared\Network\ListenSocketWin32.h">
      <Filter>Network</Filter>
    </ClInclude>
    <ClInclude Include="..\..\src\ascent-shared\Network\Network.h">
      <Filter>Network</Filter>
    </ClInclude>
    <ClInclude Include="..\..\src\ascent-shared\Network\Socket.h">
      <Filter>Network</Filter>
    </ClInclude>
    <ClInclude Include="..\..\src\ascent-shared\Network\SocketDefines.h">
      <Filter>Network</Filter>
    </ClInclude>
    <ClInclude Include="..\..\src\ascent-shared\Network\SocketMgrWin32.h">
      <Filter>Network</Filter>
    </ClInclude>
    <ClInclude Include="..\..\src\ascent-shared\Network\SocketOps.h">
      <Filter>Network</Filter>
    </ClInclude>
    <ClInclude Include="..\..\src\ascent-shared\Threading\Condition.h">
      <Filter>Threading</Filter>
    </ClInclude>
    <ClInclude Include="..\..\src\ascent-shared\CThreads.h">
      <Filter>Threading</Filter>
    </ClInclude>
    <ClInclude Include="..\..\src\ascent-shared\Threading\Guard.h">
      <Filter>Threading</Filter>
    </ClInclude>
    <ClInclude Include="..\..\src\ascent-shared\Threading\LockedQueue.h">
      <Filter>Threading</Filter>
    </ClInclude>
    <ClInclude Include="..\..\src\ascent-shared\Threading\Mutex.h">
      <Filter>Threading</Filter>
    </ClInclude>
    <ClInclude Include="..\..\src\ascent-shared\Threading\Queue.h">
      <Filter>Threading</Filter>
    </ClInclude>
    <ClInclude Include="..\..\src\ascent-shared\Threading\RWLock.h">
      <Filter>Threading</Filter>
    </ClInclude>
    <ClInclude Include="..\..\src\ascent-shared\Threading\Threading.h">
      <Filter>Threading</Filter>
    </ClInclude>
    <ClInclude Include="..\..\src\ascent-shared\Threading\ThreadStarter.h">
      <Filter>Threading</Filter>
    </ClInclude>
    <ClInclude Include="..\..\src\ascent-shared\Threading\ThreadPool.h">
      <Filter>Threading\ThreadPool</Filter>
    </ClInclude>
    <ClInclude Include="..\..\src\ascent-shared\ByteBuffer.h">
      <Filter>Util</Filter>
    </ClInclude>
    <ClInclude Include="..\..\src\ascent-shared\CallBack.h">
      <Filter>Util</Filter>
    </ClInclude>
    <ClInclude Include="..\..\src\ascent-shared\CircularQueue.h">
      <Filter>Util</Filter>
    </ClInclude>
    <ClInclude Include="..\..\src\ascent-shared\CrashHandler.h">
      <Filter>Util</Filter>
    </ClInclude>
    <ClInclude Include="..\..\src\ascent-shared\Errors.h">
      <Filter>Util</Filter>
    </ClInclude>
    <ClInclude Include="..\..\src\ascent-shared\LocationVector.h">
      <Filter>Util</Filter>
    </ClInclude>
    <ClInclude Include="..\..\src\ascent-shared\MemoryLeaks.h">
      <Filter>Util</Filter>
    </ClInclude>
    <ClInclude Include="..\..\src\ascent-shared\MersenneTwister.h">
      <Filter>Util</Filter>
    </ClInclude>
    <ClInclude Include="..\..\src\logonserver\PeriodicFunctionCall_Thread.h">
      <Filter>Util</Filter>
    </ClInclude>
    <ClInclude Include="..\..\src\ascent-shared\PreallocatedQueue.h">
      <Filter>Util</Filter>
    </ClInclude>
    <ClInclude Include="..\..\src\ascent-shared\Singleton.h">
      <Filter>Util</Filter>
    </ClInclude>
    <ClInclude Include="..\..\src\ascent-shared\StackBuffer.h">
      <Filter>Util</Filter>
    </ClInclude>
    <ClInclude Include="..\..\src\ascent-shared\StackWalker.h">
      <Filter>Util</Filter>
    </ClInclude>
    <ClInclude Include="..\..\src\ascent-shared\Timer.h">
      <Filter>Util</Filter>
    </ClInclude>
    <ClInclude Include="..\..\src\ascent-shared\Util.h">
      <Filter>Util</Filter>
    </ClInclude>
    <ClInclude Include="..\..\src\ascent-shared\WoWGuid.h">
      <Filter>Util</Filter>
    </ClInclude>
    <ClInclude Include="..\..\src\ascent-shared\Log.h">
      <Filter>Util\Log</Filter>
    </ClInclude>
    <ClInclude Include="..\..\src\ascent-shared\NGLog.h">
      <Filter>Util\Log</Filter>
    </ClInclude>
    <ClInclude Include="..\..\src\ascent-shared\wdfk\Base.h">
      <Filter>Wdfk</Filter>
    </ClInclude>
    <ClInclude Include="..\..\src\ascent-shared\wdfk\Caches.h">
      <Filter>Wdfk</Filter>
    </ClInclude>
    <ClInclude Include="..\..\src\ascent-shared\wdfk\Defines.h">
      <Filter>Wdfk</Filter>
    </ClInclude>
    <ClInclude Include="..\..\src\ascent-shared\wdfk\Dictionaries.h">
      <Filter>Wdfk</Filter>
    </ClInclude>
    <ClInclude Include="..\..\src\ascent-shared\wdfk\Lists.h">
      <Filter>Wdfk</Filter>
    </ClInclude>
    <ClInclude Include="..\..\src\ascent-shared\wdfk\Memory.h">
      <Filter>Wdfk</Filter>
    </ClInclude>
    <ClInclude Include="..\..\src\ascent-shared\wdfk\Sets.h">
      <Filter>Wdfk</Filter>
    </ClInclude>
    <ClInclude Include="..\..\src\ascent-shared\wdfk\Strings.h">
      <Filter>Wdfk</Filter>
    </ClInclude>
    <ClInclude Include="..\..\src\ascent-shared\AscentConfig.h" />
    <ClInclude Include="..\..\src\ascent-shared\AuthCodes.h" />
    <ClInclude Include="..\..\src\ascent-shared\Common.h" />
    <ClInclude Include="..\..\src\ascent-shared\FastQueue.h" />
    <ClInclude Include="..\..\src\ascent-shared\Storage.h" />
    <ClInclude Include="..\..\src\ascent-shared\wdfk.h" />
    <ClInclude Include="..\..\src\ascent-shared\Console\BaseConsole.h">
      <Filter>Console</Filter>
    </ClInclude>
    <ClInclude Include="..\..\src\ascent-shared\Console\CConsole.h">
      <Filter>Console</Filter>
    </ClInclude>
    <ClInclude Include="..\..\src\ascent-shared\BufferPool.h" />
    <ClInclude Include="..\..\src\ascent-shared\Network\CircularBuffer.h">
      <Filter>Network</Filter>
    </ClInclude>
    <ClInclude Include="..\..\src\ascent-shared\ascent_getopt.h">
      <Filter>Util</Filter>
    </ClInclude>
  </ItemGroup>
</Project>