<?xml version="1.0" encoding="utf-8"?>
<Project ToolsVersion="4.0" xmlns="http://schemas.microsoft.com/developer/msbuild/2003">
  <ItemGroup>
    <Filter Include="LogonComm">
      <UniqueIdentifier>{934b0699-64db-4640-8d04-527f1527a132}</UniqueIdentifier>
    </Filter>
    <Filter Include="Client">
      <UniqueIdentifier>{fa610dfe-51fd-402a-90d4-cfc25a3c8bc1}</UniqueIdentifier>
    </Filter>
    <Filter Include="Manager">
      <UniqueIdentifier>{54effd93-c7d8-4e19-b70e-fa537f42f423}</UniqueIdentifier>
    </Filter>
    <Filter Include="Worker Server">
      <UniqueIdentifier>{b0eb49f4-0686-4c3a-9008-f2cef7e01062}</UniqueIdentifier>
    </Filter>
    <Filter Include="Defines">
      <UniqueIdentifier>{2398dfa7-f0ef-43a1-b020-d8f0d86d3e5a}</UniqueIdentifier>
    </Filter>
    <Filter Include="Storage">
      <UniqueIdentifier>{50f29881-e81b-42ba-80c2-b22f015a9a2d}</UniqueIdentifier>
    </Filter>
    <Filter Include="Console">
      <UniqueIdentifier>{0772bd1c-0a4e-4701-8bfb-1526de1013be}</UniqueIdentifier>
    </Filter>
    <Filter Include="Client\Chat">
      <UniqueIdentifier>{165527c9-0cc3-4fc0-ba7a-559c7baf454d}</UniqueIdentifier>
    </Filter>
  </ItemGroup>
  <ItemGroup>
    <ClCompile Include="..\..\src\ascent-realmserver\LogonCommClient.cpp">
      <Filter>LogonComm</Filter>
    </ClCompile>
    <ClCompile Include="..\..\src\ascent-realmserver\LogonCommHandler.cpp">
      <Filter>LogonComm</Filter>
    </ClCompile>
    <ClCompile Include="..\..\src\ascent-realmserver\CharacterHandler.cpp">
      <Filter>Client</Filter>
    </ClCompile>
    <ClCompile Include="..\..\src\ascent-realmserver\QueryHandler.cpp">
      <Filter>Client</Filter>
    </ClCompile>
    <ClCompile Include="..\..\src\ascent-realmserver\Session.cpp">
      <Filter>Client</Filter>
    </ClCompile>
    <ClCompile Include="..\..\src\ascent-realmserver\WorldSocket.cpp">
      <Filter>Client</Filter>
    </ClCompile>
    <ClCompile Include="..\..\src\ascent-realmserver\ClientManager.cpp">
      <Filter>Manager</Filter>
    </ClCompile>
    <ClCompile Include="..\..\src\ascent-realmserver\ClusterManager.cpp">
      <Filter>Manager</Filter>
    </ClCompile>
    <ClCompile Include="..\..\src\ascent-realmserver\WorkerServer.cpp">
      <Filter>Worker Server</Filter>
    </ClCompile>
    <ClCompile Include="..\..\src\ascent-realmserver\WorkerServerSocket.cpp">
      <Filter>Worker Server</Filter>
    </ClCompile>
    <ClCompile Include="..\..\src\ascent-realmserver\ObjectStorage.cpp">
      <Filter>Storage</Filter>
    </ClCompile>
    <ClCompile Include="..\..\src\ascent-realmserver\Master.cpp" />
    <ClCompile Include="..\..\src\ascent-realmserver\RStdAfx.cpp" />
    <ClCompile Include="..\..\src\ascent-realmserver\Main.cpp" />
    <ClCompile Include="..\..\src\ascent-realmserver\Chat.cpp">
      <Filter>Client\Chat</Filter>
    </ClCompile>
    <ClCompile Include="..\..\src\ascent-realmserver\ChatHandler.cpp">
      <Filter>Client\Chat</Filter>
    </ClCompile>
    <ClCompile Include="..\..\src\ascent-realmserver\ConsoleCommands.cpp">
      <Filter>Console</Filter>
    </ClCompile>
    <ClCompile Include="..\..\src\ascent-realmserver\ConsoleListener.cpp">
      <Filter>Console</Filter>
    </ClCompile>
    <ClCompile Include="..\..\src\ascent-realmserver\Channel.cpp">
      <Filter>Client\Chat</Filter>
    </ClCompile>
    <ClCompile Include="..\..\src\ascent-realmserver\ChannelHandler.cpp">
      <Filter>Client\Chat</Filter>
    </ClCompile>
    <ClCompile Include="..\..\src\ascent-realmserver\Opcodes.cpp">
      <Filter>Worker Server</Filter>
    </ClCompile>
  </ItemGroup>
  <ItemGroup>
    <ClInclude Include="..\..\src\ascent-realmserver\LogonCommClient.h">
      <Filter>LogonComm</Filter>
    </ClInclude>
    <ClInclude Include="..\..\src\ascent-realmserver\LogonCommHandler.h">
      <Filter>LogonComm</Filter>
    </ClInclude>
    <ClInclude Include="..\..\src\ascent-realmserver\Session.h">
      <Filter>Client</Filter>
    </ClInclude>
    <ClInclude Include="..\..\src\ascent-realmserver\WorldSocket.h">
      <Filter>Client</Filter>
    </ClInclude>
    <ClInclude Include="..\..\src\ascent-realmserver\ClientManager.h">
      <Filter>Manager</Filter>
    </ClInclude>
    <ClInclude Include="..\..\src\ascent-realmserver\ClusterManager.h">
      <Filter>Manager</Filter>
    </ClInclude>
    <ClInclude Include="..\..\src\ascent-realmserver\WorkerOpcodes.h">
      <Filter>Worker Server</Filter>
    </ClInclude>
    <ClInclude Include="..\..\src\ascent-realmserver\WorkerServer.h">
      <Filter>Worker Server</Filter>
    </ClInclude>
    <ClInclude Include="..\..\src\ascent-realmserver\WorkerServerSocket.h">
      <Filter>Worker Server</Filter>
    </ClInclude>
    <ClInclude Include="..\..\src\ascent-realmserver\Structures.h">
      <Filter>Defines</Filter>
    </ClInclude>
    <ClInclude Include="..\..\src\ascent-realmserver\ObjectStorage.h">
      <Filter>Storage</Filter>
    </ClInclude>
    <ClInclude Include="..\..\src\ascent-realmserver\Master.h" />
    <ClInclude Include="..\..\src\ascent-realmserver\RStdAfx.h" />
    <ClInclude Include="..\..\src\ascent-realmserver\Chat.h">
      <Filter>Client\Chat</Filter>
    </ClInclude>
    <ClInclude Include="..\..\src\ascent-realmserver\ConsoleCommands.h">
      <Filter>Console</Filter>
    </ClInclude>
    <ClInclude Include="..\..\src\ascent-realmserver\ChannelMgr.h">
      <Filter>Client\Chat</Filter>
    </ClInclude>
    <ClInclude Include="..\..\src\ascent-realmserver\Channel.h">
      <Filter>Client\Chat</Filter>
    </ClInclude>
  </ItemGroup>
</Project>